
Microsoft Visual Studio Solution File, Format Version 12.00
# Visual Studio Version 16
VisualStudioVersion = 16.0.36107.64
MinimumVisualStudioVersion = 10.0.40219.1
Project("{FAE04EC0-301F-11D3-BF4B-00C04F79EFBC}") = "ProjectStructureAnalyzer", "ProjectStructureAnalyzer\ProjectStructureAnalyzer.csproj", "{0211D4C3-7668-451A-BE83-25A14CDF36CF}"
EndProject
Global
	GlobalSection(SolutionConfigurationPlatforms) = preSolution
		Debug|Any CPU = Debug|Any CPU
		Release|Any CPU = Release|Any CPU
	EndGlobalSection
	GlobalSection(ProjectConfigurationPlatforms) = postSolution
		{0211D4C3-7668-451A-BE83-25A14CDF36CF}.Debug|Any CPU.ActiveCfg = Debug|Any CPU
		{0211D4C3-7668-451A-BE83-25A14CDF36CF}.Debug|Any CPU.Build.0 = Debug|Any CPU
		{0211D4C3-7668-451A-BE83-25A14CDF36CF}.Release|Any CPU.ActiveCfg = Release|Any CPU
		{0211D4C3-7668-451A-BE83-25A14CDF36CF}.Release|Any CPU.Build.0 = Release|Any CPU
	EndGlobalSection
	GlobalSection(SolutionProperties) = preSolution
		HideSolutionNode = FALSE
	EndGlobalSection
	GlobalSection(ExtensibilityGlobals) = postSolution
		SolutionGuid = {FF5D82B1-ECE9-4493-A98E-6CD818F1D858}
	EndGlobalSection
EndGlobal
